
Microsoft Visual Studio Solution File, Format Version 12.00
Project("{FAE04EC0-301F-11D3-BF4B-00C04F79EFBC}") = "FirstReverse", "FirstReverse\FirstReverse.csproj", "{7F0F6DF4-59AB-4E82-9282-37425FA34F14}"
EndProject
Project("{FAE04EC0-301F-11D3-BF4B-00C04F79EFBC}") = "SwapCase", "SwapCase\SwapCase.csproj", "{A2F9691E-970F-4E49-B7AA-9EE870CD0C14}"
EndProject
Project("{FAE04EC0-301F-11D3-BF4B-00C04F79EFBC}") = "SwapII", "SwapII\SwapII.csproj", "{F21B8BB5-F80E-410E-8234-4DFD1E743006}"
EndProject
Project("{FAE04EC0-301F-11D3-BF4B-00C04F79EFBC}") = "NimWinner", "NimWinner\NimWinner.csproj", "{EC788C67-68F1-4995-A5FE-0D860B9AE608}"
EndProject
Project("{FAE04EC0-301F-11D3-BF4B-00C04F79EFBC}") = "CodelandUsernameValidation", "CodelandUsernameValidation\CodelandUsernameValidation.csproj", "{FE0F2280-2A4A-4B3E-BA66-017896499D9F}"
EndProject
Project("{FAE04EC0-301F-11D3-BF4B-00C04F79EFBC}") = "LongestWord", "LongestWord\LongestWord.csproj", "{71797556-1673-40F7-8877-1C3756415C12}"
EndProject
Project("{FAE04EC0-301F-11D3-BF4B-00C04F79EFBC}") = "TwoSum", "TwoSum\TwoSum.csproj", "{8B1041EB-F2DF-4BE9-9BC9-3D4A7362C534}"
EndProject
Project("{FAE04EC0-301F-11D3-BF4B-00C04F79EFBC}") = "HelloWorld", "HelloWorld\HelloWorld.csproj", "{8D3B4822-10F3-4BA4-8239-D6F8A8B009BC}"
EndProject
Project("{FAE04EC0-301F-11D3-BF4B-00C04F79EFBC}") = "PowerSetCount", "PowerSetCount\PowerSetCount.csproj", "{B9AD79E0-DF6F-4C0C-98A0-2128C8AE15DF}"
EndProject
Project("{FAE04EC0-301F-11D3-BF4B-00C04F79EFBC}") = "ConsonantCount", "ConsonantCount\ConsonantCount.csproj", "{547E138C-580B-4489-BEED-A033A3358BB9}"
EndProject
Project("{FAE04EC0-301F-11D3-BF4B-00C04F79EFBC}") = "ABCheck", "ABCheck\ABCheck.csproj", "{9B21D66F-F7DA-4F02-B2CF-FEF165FC50AA}"
EndProject
Project("{FAE04EC0-301F-11D3-BF4B-00C04F79EFBC}") = "Palindrome", "Palindrome\Palindrome.csproj", "{B5B29CD0-42FA-4BE1-BB81-94A5B95240B4}"
EndProject
Project("{FAE04EC0-301F-11D3-BF4B-00C04F79EFBC}") = "DistinctList", "DistinctList\DistinctList.csproj", "{EF1B2773-BB6B-4C53-A584-8F47CB3C4E5E}"
EndProject
Project("{FAE04EC0-301F-11D3-BF4B-00C04F79EFBC}") = "MatrixSpiral", "MatrixSpiral\MatrixSpiral.csproj", "{B8C58EFD-2BA8-416A-BAED-CB3700F582E2}"
EndProject
Project("{FAE04EC0-301F-11D3-BF4B-00C04F79EFBC}") = "Consecutive", "Consecutive\Consecutive.csproj", "{D7E7CE0A-2870-4CDC-AD2A-2A17CCDB11E2}"
EndProject
Project("{FAE04EC0-301F-11D3-BF4B-00C04F79EFBC}") = "PrimeTime", "PrimeTime\PrimeTime.csproj", "{F755350A-ABCF-4DDC-A9EE-DB66EA72C32A}"
EndProject
Project("{FAE04EC0-301F-11D3-BF4B-00C04F79EFBC}") = "Primes", "Primes\Primes.csproj", "{7A7FC703-5CF2-4696-B6E5-240F74DE7BC2}"
EndProject
Project("{FAE04EC0-301F-11D3-BF4B-00C04F79EFBC}") = "FormattedDivision", "FormattedDivision\FormattedDivision.csproj", "{4BACF1DA-242F-4D01-A1F7-A9C7DF0DC6AC}"
EndProject
Project("{FAE04EC0-301F-11D3-BF4B-00C04F79EFBC}") = "ThreeFiveMultiples", "ThreeFiveMultiples\ThreeFiveMultiples.csproj", "{C9E390B5-D5F6-4164-B6CD-84BF66E5843F}"
EndProject
Project("{FAE04EC0-301F-11D3-BF4B-00C04F79EFBC}") = "LetterCount", "LetterCount\LetterCount.csproj", "{93AB2499-4894-48FD-979A-A5A21B65AD5C}"
EndProject
Project("{FAE04EC0-301F-11D3-BF4B-00C04F79EFBC}") = "PalindromeTwo", "PalindromeTwo\PalindromeTwo.csproj", "{D14A94EA-CE40-424F-8F09-0F87D87C0EF2}"
EndProject
Project("{FAE04EC0-301F-11D3-BF4B-00C04F79EFBC}") = "NearestSmallerValues", "NearestSmallerValues\NearestSmallerValues.csproj", "{9F281699-07F2-432A-9E28-396C7BCC9B20}"
EndProject
Project("{FAE04EC0-301F-11D3-BF4B-00C04F79EFBC}") = "MinuteConverter", "MinuteConverter\MinuteConverter.csproj", "{465FDB4C-DE87-4514-909A-7F81A41B2BBC}"
EndProject
Project("{FAE04EC0-301F-11D3-BF4B-00C04F79EFBC}") = "Matches", "Matches\Matches.csproj", "{7B439EB2-C3A8-49A7-B8CA-F56064DC4898}"
EndProject
Project("{FAE04EC0-301F-11D3-BF4B-00C04F79EFBC}") = "EvenPairs", "EvenPairs\EvenPairs.csproj", "{99FC8D40-F6D7-4B90-B778-DA7BCF052527}"
EndProject
Project("{FAE04EC0-301F-11D3-BF4B-00C04F79EFBC}") = "Fibonacci", "Fibonacci\Fibonacci.csproj", "{CCBE00D0-44D4-4061-9630-D567A5C98B45}"
EndProject
Project("{FAE04EC0-301F-11D3-BF4B-00C04F79EFBC}") = "StepWalking", "StepWalking\StepWalking.csproj", "{85973DA1-372E-4B58-B010-8010CE59CE17}"
EndProject
Project("{FAE04EC0-301F-11D3-BF4B-00C04F79EFBC}") = "RunLength", "RunLength\RunLength.csproj", "{32DBE20A-5DC5-421C-AC9C-A637AA557CD8}"
EndProject
Project("{FAE04EC0-301F-11D3-BF4B-00C04F79EFBC}") = "Calculator", "Calculator\Calculator.csproj", "{A5040906-B248-428C-9791-9D5782C7A46A}"
EndProject
Project("{FAE04EC0-301F-11D3-BF4B-00C04F79EFBC}") = "Stack1", "Stack1\Stack1.csproj", "{1E82F961-B663-4268-B27C-8A8CB3DD7882}"
EndProject
Project("{FAE04EC0-301F-11D3-BF4B-00C04F79EFBC}") = "BlackjackHighest", "BlackjackHighest\BlackjackHighest.csproj", "{7B78FF41-B0B0-486D-8570-39F7499EC19C}"
EndProject
Project("{FAE04EC0-301F-11D3-BF4B-00C04F79EFBC}") = "PascalsTriangle", "PascalsTriangle\PascalsTriangle.csproj", "{693D7E6E-FDDF-4E0A-9DC8-508D04452078}"
EndProject
Project("{FAE04EC0-301F-11D3-BF4B-00C04F79EFBC}") = "GasStation", "GasStation\GasStation.csproj", "{5B1CF1E0-34F9-4AD9-AD07-379175D3CC6E}"
EndProject
Project("{FAE04EC0-301F-11D3-BF4B-00C04F79EFBC}") = "ArrayCouples", "ArrayCouples\ArrayCouples.csproj", "{0FE4D191-9C3B-487C-A8FE-E4CA79FA06F5}"
EndProject
Project("{FAE04EC0-301F-11D3-BF4B-00C04F79EFBC}") = "SudokuQuandrantChecke", "SudokuQuandrantChecke\SudokuQuandrantChecke.csproj", "{8E4941C0-36D6-4D75-9AE1-BA8462AD0FFB}"
EndProject
Project("{FAE04EC0-301F-11D3-BF4B-00C04F79EFBC}") = "LineOrdering", "LineOrdering\LineOrdering.csproj", "{3AEB706C-C47E-4BDF-B6BF-C33CD0937C97}"
EndProject
Project("{FAE04EC0-301F-11D3-BF4B-00C04F79EFBC}") = "KnightJumps", "KnightJumps\KnightJumps.csproj", "{1D53B092-C61D-4BC4-8886-D42E7B9EC651}"
EndProject
Project("{FAE04EC0-301F-11D3-BF4B-00C04F79EFBC}") = "ParallelSums", "ParallelSums\ParallelSums.csproj", "{ABA8DD47-BF50-4B50-95B7-0132C81C54F0}"
EndProject
Project("{FAE04EC0-301F-11D3-BF4B-00C04F79EFBC}") = "MinSwaps", "MinSwaps\MinSwaps.csproj", "{A58C4978-F275-400B-8DCE-F01C08E9273C}"
EndProject
Project("{FAE04EC0-301F-11D3-BF4B-00C04F79EFBC}") = "TransitivityRelations", "TransitivityRelations\TransitivityRelations.csproj", "{8C55A67D-64A3-454A-BEC6-528AAEF7E71B}"
EndProject
Project("{FAE04EC0-301F-11D3-BF4B-00C04F79EFBC}") = "ShortestPath", "ShortestPath\ShortestPath.csproj", "{A1A15F2E-554B-400D-8A4A-7FDF37614065}"
EndProject
Project("{FAE04EC0-301F-11D3-BF4B-00C04F79EFBC}") = "QuestionsMarks", "QuestionsMarks\QuestionsMarks.csproj", "{06276750-BA4F-4D89-8186-6489A2F11346}"
EndProject
Project("{FAE04EC0-301F-11D3-BF4B-00C04F79EFBC}") = "CheckNums", "CheckNums\CheckNums.csproj", "{FAB0C933-5318-47EE-9135-FA4E56566589}"
EndProject
Project("{FAE04EC0-301F-11D3-BF4B-00C04F79EFBC}") = "TimeConvert", "TimeConvert\TimeConvert.csproj", "{61D8655F-170C-4AA8-884E-C76956122ABF}"
EndProject
Project("{FAE04EC0-301F-11D3-BF4B-00C04F79EFBC}") = "AlphabetSoup", "AlphabetSoup\AlphabetSoup.csproj", "{35B77576-345E-48D0-A30E-CBE8CCE58646}"
EndProject
Project("{FAE04EC0-301F-11D3-BF4B-00C04F79EFBC}") = "SimpleAdding", "SimpleAdding\SimpleAdding.csproj", "{90715C2F-7582-486F-B4EC-BA270CE6A272}"
EndProject
Project("{FAE04EC0-301F-11D3-BF4B-00C04F79EFBC}") = "SimpleSymbols", "SimpleSymbols\SimpleSymbols.csproj", "{4CF4A08B-F7E2-4EE9-8200-FA19C461619C}"
EndProject
Project("{FAE04EC0-301F-11D3-BF4B-00C04F79EFBC}") = "FirstFactorial", "FirstFactorial\FirstFactorial.csproj", "{FE314B9F-E11C-4839-A8DC-582D0C559999}"
EndProject
Project("{FAE04EC0-301F-11D3-BF4B-00C04F79EFBC}") = "LetterCapitalize", "LetterCapitalize\LetterCapitalize.csproj", "{ABDCC306-6E31-4F01-B916-1BEDF33E323E}"
EndProject
Project("{FAE04EC0-301F-11D3-BF4B-00C04F79EFBC}") = "FindIntersection", "FindIntersection\FindIntersection.csproj", "{1FCC940A-9D32-493A-8C02-1C37910D0344}"
EndProject
Global
	GlobalSection(SolutionConfigurationPlatforms) = preSolution
		Debug|Any CPU = Debug|Any CPU
		Release|Any CPU = Release|Any CPU
	EndGlobalSection
	GlobalSection(ProjectConfigurationPlatforms) = postSolution
		{7F0F6DF4-59AB-4E82-9282-37425FA34F14}.Debug|Any CPU.ActiveCfg = Debug|Any CPU
		{7F0F6DF4-59AB-4E82-9282-37425FA34F14}.Debug|Any CPU.Build.0 = Debug|Any CPU
		{7F0F6DF4-59AB-4E82-9282-37425FA34F14}.Release|Any CPU.ActiveCfg = Release|Any CPU
		{7F0F6DF4-59AB-4E82-9282-37425FA34F14}.Release|Any CPU.Build.0 = Release|Any CPU
		{A2F9691E-970F-4E49-B7AA-9EE870CD0C14}.Debug|Any CPU.ActiveCfg = Debug|Any CPU
		{A2F9691E-970F-4E49-B7AA-9EE870CD0C14}.Debug|Any CPU.Build.0 = Debug|Any CPU
		{A2F9691E-970F-4E49-B7AA-9EE870CD0C14}.Release|Any CPU.ActiveCfg = Release|Any CPU
		{A2F9691E-970F-4E49-B7AA-9EE870CD0C14}.Release|Any CPU.Build.0 = Release|Any CPU
		{F21B8BB5-F80E-410E-8234-4DFD1E743006}.Debug|Any CPU.ActiveCfg = Debug|Any CPU
		{F21B8BB5-F80E-410E-8234-4DFD1E743006}.Debug|Any CPU.Build.0 = Debug|Any CPU
		{F21B8BB5-F80E-410E-8234-4DFD1E743006}.Release|Any CPU.ActiveCfg = Release|Any CPU
		{F21B8BB5-F80E-410E-8234-4DFD1E743006}.Release|Any CPU.Build.0 = Release|Any CPU
		{EC788C67-68F1-4995-A5FE-0D860B9AE608}.Debug|Any CPU.ActiveCfg = Debug|Any CPU
		{EC788C67-68F1-4995-A5FE-0D860B9AE608}.Debug|Any CPU.Build.0 = Debug|Any CPU
		{EC788C67-68F1-4995-A5FE-0D860B9AE608}.Release|Any CPU.ActiveCfg = Release|Any CPU
		{EC788C67-68F1-4995-A5FE-0D860B9AE608}.Release|Any CPU.Build.0 = Release|Any CPU
		{FE0F2280-2A4A-4B3E-BA66-017896499D9F}.Debug|Any CPU.ActiveCfg = Debug|Any CPU
		{FE0F2280-2A4A-4B3E-BA66-017896499D9F}.Debug|Any CPU.Build.0 = Debug|Any CPU
		{FE0F2280-2A4A-4B3E-BA66-017896499D9F}.Release|Any CPU.ActiveCfg = Release|Any CPU
		{FE0F2280-2A4A-4B3E-BA66-017896499D9F}.Release|Any CPU.Build.0 = Release|Any CPU
		{71797556-1673-40F7-8877-1C3756415C12}.Debug|Any CPU.ActiveCfg = Debug|Any CPU
		{71797556-1673-40F7-8877-1C3756415C12}.Debug|Any CPU.Build.0 = Debug|Any CPU
		{71797556-1673-40F7-8877-1C3756415C12}.Release|Any CPU.ActiveCfg = Release|Any CPU
		{71797556-1673-40F7-8877-1C3756415C12}.Release|Any CPU.Build.0 = Release|Any CPU
		{8B1041EB-F2DF-4BE9-9BC9-3D4A7362C534}.Debug|Any CPU.ActiveCfg = Debug|Any CPU
		{8B1041EB-F2DF-4BE9-9BC9-3D4A7362C534}.Debug|Any CPU.Build.0 = Debug|Any CPU
		{8B1041EB-F2DF-4BE9-9BC9-3D4A7362C534}.Release|Any CPU.ActiveCfg = Release|Any CPU
		{8B1041EB-F2DF-4BE9-9BC9-3D4A7362C534}.Release|Any CPU.Build.0 = Release|Any CPU
		{8D3B4822-10F3-4BA4-8239-D6F8A8B009BC}.Debug|Any CPU.ActiveCfg = Debug|Any CPU
		{8D3B4822-10F3-4BA4-8239-D6F8A8B009BC}.Debug|Any CPU.Build.0 = Debug|Any CPU
		{8D3B4822-10F3-4BA4-8239-D6F8A8B009BC}.Release|Any CPU.ActiveCfg = Release|Any CPU
		{8D3B4822-10F3-4BA4-8239-D6F8A8B009BC}.Release|Any CPU.Build.0 = Release|Any CPU
		{B9AD79E0-DF6F-4C0C-98A0-2128C8AE15DF}.Debug|Any CPU.ActiveCfg = Debug|Any CPU
		{B9AD79E0-DF6F-4C0C-98A0-2128C8AE15DF}.Debug|Any CPU.Build.0 = Debug|Any CPU
		{B9AD79E0-DF6F-4C0C-98A0-2128C8AE15DF}.Release|Any CPU.ActiveCfg = Release|Any CPU
		{B9AD79E0-DF6F-4C0C-98A0-2128C8AE15DF}.Release|Any CPU.Build.0 = Release|Any CPU
		{547E138C-580B-4489-BEED-A033A3358BB9}.Debug|Any CPU.ActiveCfg = Debug|Any CPU
		{547E138C-580B-4489-BEED-A033A3358BB9}.Debug|Any CPU.Build.0 = Debug|Any CPU
		{547E138C-580B-4489-BEED-A033A3358BB9}.Release|Any CPU.ActiveCfg = Release|Any CPU
		{547E138C-580B-4489-BEED-A033A3358BB9}.Release|Any CPU.Build.0 = Release|Any CPU
		{9B21D66F-F7DA-4F02-B2CF-FEF165FC50AA}.Debug|Any CPU.ActiveCfg = Debug|Any CPU
		{9B21D66F-F7DA-4F02-B2CF-FEF165FC50AA}.Debug|Any CPU.Build.0 = Debug|Any CPU
		{9B21D66F-F7DA-4F02-B2CF-FEF165FC50AA}.Release|Any CPU.ActiveCfg = Release|Any CPU
		{9B21D66F-F7DA-4F02-B2CF-FEF165FC50AA}.Release|Any CPU.Build.0 = Release|Any CPU
		{B5B29CD0-42FA-4BE1-BB81-94A5B95240B4}.Debug|Any CPU.ActiveCfg = Debug|Any CPU
		{B5B29CD0-42FA-4BE1-BB81-94A5B95240B4}.Debug|Any CPU.Build.0 = Debug|Any CPU
		{B5B29CD0-42FA-4BE1-BB81-94A5B95240B4}.Release|Any CPU.ActiveCfg = Release|Any CPU
		{B5B29CD0-42FA-4BE1-BB81-94A5B95240B4}.Release|Any CPU.Build.0 = Release|Any CPU
		{EF1B2773-BB6B-4C53-A584-8F47CB3C4E5E}.Debug|Any CPU.ActiveCfg = Debug|Any CPU
		{EF1B2773-BB6B-4C53-A584-8F47CB3C4E5E}.Debug|Any CPU.Build.0 = Debug|Any CPU
		{EF1B2773-BB6B-4C53-A584-8F47CB3C4E5E}.Release|Any CPU.ActiveCfg = Release|Any CPU
		{EF1B2773-BB6B-4C53-A584-8F47CB3C4E5E}.Release|Any CPU.Build.0 = Release|Any CPU
		{B8C58EFD-2BA8-416A-BAED-CB3700F582E2}.Debug|Any CPU.ActiveCfg = Debug|Any CPU
		{B8C58EFD-2BA8-416A-BAED-CB3700F582E2}.Debug|Any CPU.Build.0 = Debug|Any CPU
		{B8C58EFD-2BA8-416A-BAED-CB3700F582E2}.Release|Any CPU.ActiveCfg = Release|Any CPU
		{B8C58EFD-2BA8-416A-BAED-CB3700F582E2}.Release|Any CPU.Build.0 = Release|Any CPU
		{D7E7CE0A-2870-4CDC-AD2A-2A17CCDB11E2}.Debug|Any CPU.ActiveCfg = Debug|Any CPU
		{D7E7CE0A-2870-4CDC-AD2A-2A17CCDB11E2}.Debug|Any CPU.Build.0 = Debug|Any CPU
		{D7E7CE0A-2870-4CDC-AD2A-2A17CCDB11E2}.Release|Any CPU.ActiveCfg = Release|Any CPU
		{D7E7CE0A-2870-4CDC-AD2A-2A17CCDB11E2}.Release|Any CPU.Build.0 = Release|Any CPU
		{F755350A-ABCF-4DDC-A9EE-DB66EA72C32A}.Debug|Any CPU.ActiveCfg = Debug|Any CPU
		{F755350A-ABCF-4DDC-A9EE-DB66EA72C32A}.Debug|Any CPU.Build.0 = Debug|Any CPU
		{F755350A-ABCF-4DDC-A9EE-DB66EA72C32A}.Release|Any CPU.ActiveCfg = Release|Any CPU
		{F755350A-ABCF-4DDC-A9EE-DB66EA72C32A}.Release|Any CPU.Build.0 = Release|Any CPU
		{7A7FC703-5CF2-4696-B6E5-240F74DE7BC2}.Debug|Any CPU.ActiveCfg = Debug|Any CPU
		{7A7FC703-5CF2-4696-B6E5-240F74DE7BC2}.Debug|Any CPU.Build.0 = Debug|Any CPU
		{7A7FC703-5CF2-4696-B6E5-240F74DE7BC2}.Release|Any CPU.ActiveCfg = Release|Any CPU
		{7A7FC703-5CF2-4696-B6E5-240F74DE7BC2}.Release|Any CPU.Build.0 = Release|Any CPU
		{4BACF1DA-242F-4D01-A1F7-A9C7DF0DC6AC}.Debug|Any CPU.ActiveCfg = Debug|Any CPU
		{4BACF1DA-242F-4D01-A1F7-A9C7DF0DC6AC}.Debug|Any CPU.Build.0 = Debug|Any CPU
		{4BACF1DA-242F-4D01-A1F7-A9C7DF0DC6AC}.Release|Any CPU.ActiveCfg = Release|Any CPU
		{4BACF1DA-242F-4D01-A1F7-A9C7DF0DC6AC}.Release|Any CPU.Build.0 = Release|Any CPU
		{C9E390B5-D5F6-4164-B6CD-84BF66E5843F}.Debug|Any CPU.ActiveCfg = Debug|Any CPU
		{C9E390B5-D5F6-4164-B6CD-84BF66E5843F}.Debug|Any CPU.Build.0 = Debug|Any CPU
		{C9E390B5-D5F6-4164-B6CD-84BF66E5843F}.Release|Any CPU.ActiveCfg = Release|Any CPU
		{C9E390B5-D5F6-4164-B6CD-84BF66E5843F}.Release|Any CPU.Build.0 = Release|Any CPU
		{93AB2499-4894-48FD-979A-A5A21B65AD5C}.Debug|Any CPU.ActiveCfg = Debug|Any CPU
		{93AB2499-4894-48FD-979A-A5A21B65AD5C}.Debug|Any CPU.Build.0 = Debug|Any CPU
		{93AB2499-4894-48FD-979A-A5A21B65AD5C}.Release|Any CPU.ActiveCfg = Release|Any CPU
		{93AB2499-4894-48FD-979A-A5A21B65AD5C}.Release|Any CPU.Build.0 = Release|Any CPU
		{D14A94EA-CE40-424F-8F09-0F87D87C0EF2}.Debug|Any CPU.ActiveCfg = Debug|Any CPU
		{D14A94EA-CE40-424F-8F09-0F87D87C0EF2}.Debug|Any CPU.Build.0 = Debug|Any CPU
		{D14A94EA-CE40-424F-8F09-0F87D87C0EF2}.Release|Any CPU.ActiveCfg = Release|Any CPU
		{D14A94EA-CE40-424F-8F09-0F87D87C0EF2}.Release|Any CPU.Build.0 = Release|Any CPU
		{9F281699-07F2-432A-9E28-396C7BCC9B20}.Debug|Any CPU.ActiveCfg = Debug|Any CPU
		{9F281699-07F2-432A-9E28-396C7BCC9B20}.Debug|Any CPU.Build.0 = Debug|Any CPU
		{9F281699-07F2-432A-9E28-396C7BCC9B20}.Release|Any CPU.ActiveCfg = Release|Any CPU
		{9F281699-07F2-432A-9E28-396C7BCC9B20}.Release|Any CPU.Build.0 = Release|Any CPU
		{465FDB4C-DE87-4514-909A-7F81A41B2BBC}.Debug|Any CPU.ActiveCfg = Debug|Any CPU
		{465FDB4C-DE87-4514-909A-7F81A41B2BBC}.Debug|Any CPU.Build.0 = Debug|Any CPU
		{465FDB4C-DE87-4514-909A-7F81A41B2BBC}.Release|Any CPU.ActiveCfg = Release|Any CPU
		{465FDB4C-DE87-4514-909A-7F81A41B2BBC}.Release|Any CPU.Build.0 = Release|Any CPU
		{7B439EB2-C3A8-49A7-B8CA-F56064DC4898}.Debug|Any CPU.ActiveCfg = Debug|Any CPU
		{7B439EB2-C3A8-49A7-B8CA-F56064DC4898}.Debug|Any CPU.Build.0 = Debug|Any CPU
		{7B439EB2-C3A8-49A7-B8CA-F56064DC4898}.Release|Any CPU.ActiveCfg = Release|Any CPU
		{7B439EB2-C3A8-49A7-B8CA-F56064DC4898}.Release|Any CPU.Build.0 = Release|Any CPU
		{99FC8D40-F6D7-4B90-B778-DA7BCF052527}.Debug|Any CPU.ActiveCfg = Debug|Any CPU
		{99FC8D40-F6D7-4B90-B778-DA7BCF052527}.Debug|Any CPU.Build.0 = Debug|Any CPU
		{99FC8D40-F6D7-4B90-B778-DA7BCF052527}.Release|Any CPU.ActiveCfg = Release|Any CPU
		{99FC8D40-F6D7-4B90-B778-DA7BCF052527}.Release|Any CPU.Build.0 = Release|Any CPU
		{CCBE00D0-44D4-4061-9630-D567A5C98B45}.Debug|Any CPU.ActiveCfg = Debug|Any CPU
		{CCBE00D0-44D4-4061-9630-D567A5C98B45}.Debug|Any CPU.Build.0 = Debug|Any CPU
		{CCBE00D0-44D4-4061-9630-D567A5C98B45}.Release|Any CPU.ActiveCfg = Release|Any CPU
		{CCBE00D0-44D4-4061-9630-D567A5C98B45}.Release|Any CPU.Build.0 = Release|Any CPU
		{85973DA1-372E-4B58-B010-8010CE59CE17}.Debug|Any CPU.ActiveCfg = Debug|Any CPU
		{85973DA1-372E-4B58-B010-8010CE59CE17}.Debug|Any CPU.Build.0 = Debug|Any CPU
		{85973DA1-372E-4B58-B010-8010CE59CE17}.Release|Any CPU.ActiveCfg = Release|Any CPU
		{85973DA1-372E-4B58-B010-8010CE59CE17}.Release|Any CPU.Build.0 = Release|Any CPU
		{32DBE20A-5DC5-421C-AC9C-A637AA557CD8}.Debug|Any CPU.ActiveCfg = Debug|Any CPU
		{32DBE20A-5DC5-421C-AC9C-A637AA557CD8}.Debug|Any CPU.Build.0 = Debug|Any CPU
		{32DBE20A-5DC5-421C-AC9C-A637AA557CD8}.Release|Any CPU.ActiveCfg = Release|Any CPU
		{32DBE20A-5DC5-421C-AC9C-A637AA557CD8}.Release|Any CPU.Build.0 = Release|Any CPU
		{A5040906-B248-428C-9791-9D5782C7A46A}.Debug|Any CPU.ActiveCfg = Debug|Any CPU
		{A5040906-B248-428C-9791-9D5782C7A46A}.Debug|Any CPU.Build.0 = Debug|Any CPU
		{A5040906-B248-428C-9791-9D5782C7A46A}.Release|Any CPU.ActiveCfg = Release|Any CPU
		{A5040906-B248-428C-9791-9D5782C7A46A}.Release|Any CPU.Build.0 = Release|Any CPU
		{1E82F961-B663-4268-B27C-8A8CB3DD7882}.Debug|Any CPU.ActiveCfg = Debug|Any CPU
		{1E82F961-B663-4268-B27C-8A8CB3DD7882}.Debug|Any CPU.Build.0 = Debug|Any CPU
		{1E82F961-B663-4268-B27C-8A8CB3DD7882}.Release|Any CPU.ActiveCfg = Release|Any CPU
		{1E82F961-B663-4268-B27C-8A8CB3DD7882}.Release|Any CPU.Build.0 = Release|Any CPU
		{7B78FF41-B0B0-486D-8570-39F7499EC19C}.Debug|Any CPU.ActiveCfg = Debug|Any CPU
		{7B78FF41-B0B0-486D-8570-39F7499EC19C}.Debug|Any CPU.Build.0 = Debug|Any CPU
		{7B78FF41-B0B0-486D-8570-39F7499EC19C}.Release|Any CPU.ActiveCfg = Release|Any CPU
		{7B78FF41-B0B0-486D-8570-39F7499EC19C}.Release|Any CPU.Build.0 = Release|Any CPU
		{693D7E6E-FDDF-4E0A-9DC8-508D04452078}.Debug|Any CPU.ActiveCfg = Debug|Any CPU
		{693D7E6E-FDDF-4E0A-9DC8-508D04452078}.Debug|Any CPU.Build.0 = Debug|Any CPU
		{693D7E6E-FDDF-4E0A-9DC8-508D04452078}.Release|Any CPU.ActiveCfg = Release|Any CPU
		{693D7E6E-FDDF-4E0A-9DC8-508D04452078}.Release|Any CPU.Build.0 = Release|Any CPU
		{5B1CF1E0-34F9-4AD9-AD07-379175D3CC6E}.Debug|Any CPU.ActiveCfg = Debug|Any CPU
		{5B1CF1E0-34F9-4AD9-AD07-379175D3CC6E}.Debug|Any CPU.Build.0 = Debug|Any CPU
		{5B1CF1E0-34F9-4AD9-AD07-379175D3CC6E}.Release|Any CPU.ActiveCfg = Release|Any CPU
		{5B1CF1E0-34F9-4AD9-AD07-379175D3CC6E}.Release|Any CPU.Build.0 = Release|Any CPU
		{0FE4D191-9C3B-487C-A8FE-E4CA79FA06F5}.Debug|Any CPU.ActiveCfg = Debug|Any CPU
		{0FE4D191-9C3B-487C-A8FE-E4CA79FA06F5}.Debug|Any CPU.Build.0 = Debug|Any CPU
		{0FE4D191-9C3B-487C-A8FE-E4CA79FA06F5}.Release|Any CPU.ActiveCfg = Release|Any CPU
		{0FE4D191-9C3B-487C-A8FE-E4CA79FA06F5}.Release|Any CPU.Build.0 = Release|Any CPU
		{8E4941C0-36D6-4D75-9AE1-BA8462AD0FFB}.Debug|Any CPU.ActiveCfg = Debug|Any CPU
		{8E4941C0-36D6-4D75-9AE1-BA8462AD0FFB}.Debug|Any CPU.Build.0 = Debug|Any CPU
		{8E4941C0-36D6-4D75-9AE1-BA8462AD0FFB}.Release|Any CPU.ActiveCfg = Release|Any CPU
		{8E4941C0-36D6-4D75-9AE1-BA8462AD0FFB}.Release|Any CPU.Build.0 = Release|Any CPU
		{3AEB706C-C47E-4BDF-B6BF-C33CD0937C97}.Debug|Any CPU.ActiveCfg = Debug|Any CPU
		{3AEB706C-C47E-4BDF-B6BF-C33CD0937C97}.Debug|Any CPU.Build.0 = Debug|Any CPU
		{3AEB706C-C47E-4BDF-B6BF-C33CD0937C97}.Release|Any CPU.ActiveCfg = Release|Any CPU
		{3AEB706C-C47E-4BDF-B6BF-C33CD0937C97}.Release|Any CPU.Build.0 = Release|Any CPU
		{1D53B092-C61D-4BC4-8886-D42E7B9EC651}.Debug|Any CPU.ActiveCfg = Debug|Any CPU
		{1D53B092-C61D-4BC4-8886-D42E7B9EC651}.Debug|Any CPU.Build.0 = Debug|Any CPU
		{1D53B092-C61D-4BC4-8886-D42E7B9EC651}.Release|Any CPU.ActiveCfg = Release|Any CPU
		{1D53B092-C61D-4BC4-8886-D42E7B9EC651}.Release|Any CPU.Build.0 = Release|Any CPU
		{ABA8DD47-BF50-4B50-95B7-0132C81C54F0}.Debug|Any CPU.ActiveCfg = Debug|Any CPU
		{ABA8DD47-BF50-4B50-95B7-0132C81C54F0}.Debug|Any CPU.Build.0 = Debug|Any CPU
		{ABA8DD47-BF50-4B50-95B7-0132C81C54F0}.Release|Any CPU.ActiveCfg = Release|Any CPU
		{ABA8DD47-BF50-4B50-95B7-0132C81C54F0}.Release|Any CPU.Build.0 = Release|Any CPU
		{A58C4978-F275-400B-8DCE-F01C08E9273C}.Debug|Any CPU.ActiveCfg = Debug|Any CPU
		{A58C4978-F275-400B-8DCE-F01C08E9273C}.Debug|Any CPU.Build.0 = Debug|Any CPU
		{A58C4978-F275-400B-8DCE-F01C08E9273C}.Release|Any CPU.ActiveCfg = Release|Any CPU
		{A58C4978-F275-400B-8DCE-F01C08E9273C}.Release|Any CPU.Build.0 = Release|Any CPU
		{8C55A67D-64A3-454A-BEC6-528AAEF7E71B}.Debug|Any CPU.ActiveCfg = Debug|Any CPU
		{8C55A67D-64A3-454A-BEC6-528AAEF7E71B}.Debug|Any CPU.Build.0 = Debug|Any CPU
		{8C55A67D-64A3-454A-BEC6-528AAEF7E71B}.Release|Any CPU.ActiveCfg = Release|Any CPU
		{8C55A67D-64A3-454A-BEC6-528AAEF7E71B}.Release|Any CPU.Build.0 = Release|Any CPU
		{A1A15F2E-554B-400D-8A4A-7FDF37614065}.Debug|Any CPU.ActiveCfg = Debug|Any CPU
		{A1A15F2E-554B-400D-8A4A-7FDF37614065}.Debug|Any CPU.Build.0 = Debug|Any CPU
		{A1A15F2E-554B-400D-8A4A-7FDF37614065}.Release|Any CPU.ActiveCfg = Release|Any CPU
		{A1A15F2E-554B-400D-8A4A-7FDF37614065}.Release|Any CPU.Build.0 = Release|Any CPU
		{06276750-BA4F-4D89-8186-6489A2F11346}.Debug|Any CPU.ActiveCfg = Debug|Any CPU
		{06276750-BA4F-4D89-8186-6489A2F11346}.Debug|Any CPU.Build.0 = Debug|Any CPU
		{06276750-BA4F-4D89-8186-6489A2F11346}.Release|Any CPU.ActiveCfg = Release|Any CPU
		{06276750-BA4F-4D89-8186-6489A2F11346}.Release|Any CPU.Build.0 = Release|Any CPU
		{FAB0C933-5318-47EE-9135-FA4E56566589}.Debug|Any CPU.ActiveCfg = Debug|Any CPU
		{FAB0C933-5318-47EE-9135-FA4E56566589}.Debug|Any CPU.Build.0 = Debug|Any CPU
		{FAB0C933-5318-47EE-9135-FA4E56566589}.Release|Any CPU.ActiveCfg = Release|Any CPU
		{FAB0C933-5318-47EE-9135-FA4E56566589}.Release|Any CPU.Build.0 = Release|Any CPU
		{61D8655F-170C-4AA8-884E-C76956122ABF}.Debug|Any CPU.ActiveCfg = Debug|Any CPU
		{61D8655F-170C-4AA8-884E-C76956122ABF}.Debug|Any CPU.Build.0 = Debug|Any CPU
		{61D8655F-170C-4AA8-884E-C76956122ABF}.Release|Any CPU.ActiveCfg = Release|Any CPU
		{61D8655F-170C-4AA8-884E-C76956122ABF}.Release|Any CPU.Build.0 = Release|Any CPU
		{35B77576-345E-48D0-A30E-CBE8CCE58646}.Debug|Any CPU.ActiveCfg = Debug|Any CPU
		{35B77576-345E-48D0-A30E-CBE8CCE58646}.Debug|Any CPU.Build.0 = Debug|Any CPU
		{35B77576-345E-48D0-A30E-CBE8CCE58646}.Release|Any CPU.ActiveCfg = Release|Any CPU
		{35B77576-345E-48D0-A30E-CBE8CCE58646}.Release|Any CPU.Build.0 = Release|Any CPU
		{90715C2F-7582-486F-B4EC-BA270CE6A272}.Debug|Any CPU.ActiveCfg = Debug|Any CPU
		{90715C2F-7582-486F-B4EC-BA270CE6A272}.Debug|Any CPU.Build.0 = Debug|Any CPU
		{90715C2F-7582-486F-B4EC-BA270CE6A272}.Release|Any CPU.ActiveCfg = Release|Any CPU
		{90715C2F-7582-486F-B4EC-BA270CE6A272}.Release|Any CPU.Build.0 = Release|Any CPU
		{4CF4A08B-F7E2-4EE9-8200-FA19C461619C}.Debug|Any CPU.ActiveCfg = Debug|Any CPU
		{4CF4A08B-F7E2-4EE9-8200-FA19C461619C}.Debug|Any CPU.Build.0 = Debug|Any CPU
		{4CF4A08B-F7E2-4EE9-8200-FA19C461619C}.Release|Any CPU.ActiveCfg = Release|Any CPU
		{4CF4A08B-F7E2-4EE9-8200-FA19C461619C}.Release|Any CPU.Build.0 = Release|Any CPU
		{FE314B9F-E11C-4839-A8DC-582D0C559999}.Debug|Any CPU.ActiveCfg = Debug|Any CPU
		{FE314B9F-E11C-4839-A8DC-582D0C559999}.Debug|Any CPU.Build.0 = Debug|Any CPU
		{FE314B9F-E11C-4839-A8DC-582D0C559999}.Release|Any CPU.ActiveCfg = Release|Any CPU
		{FE314B9F-E11C-4839-A8DC-582D0C559999}.Release|Any CPU.Build.0 = Release|Any CPU
		{ABDCC306-6E31-4F01-B916-1BEDF33E323E}.Debug|Any CPU.ActiveCfg = Debug|Any CPU
		{ABDCC306-6E31-4F01-B916-1BEDF33E323E}.Debug|Any CPU.Build.0 = Debug|Any CPU
		{ABDCC306-6E31-4F01-B916-1BEDF33E323E}.Release|Any CPU.ActiveCfg = Release|Any CPU
		{ABDCC306-6E31-4F01-B916-1BEDF33E323E}.Release|Any CPU.Build.0 = Release|Any CPU
		{1FCC940A-9D32-493A-8C02-1C37910D0344}.Debug|Any CPU.ActiveCfg = Debug|Any CPU
		{1FCC940A-9D32-493A-8C02-1C37910D0344}.Debug|Any CPU.Build.0 = Debug|Any CPU
		{1FCC940A-9D32-493A-8C02-1C37910D0344}.Release|Any CPU.ActiveCfg = Release|Any CPU
		{1FCC940A-9D32-493A-8C02-1C37910D0344}.Release|Any CPU.Build.0 = Release|Any CPU
	EndGlobalSection
EndGlobal
